// !$*UTF8*$!
{
	archiveVersion = 1;
	classes = {
	};
	objectVersion = 56;
	objects = {

/* Begin PBXBuildFile section */
		9C0061BE2D28124E00BFD05E /* questionPromptTableCell.swift in Sources */ = {isa = PBXBuildFile; fileRef = 9C0061BD2D28124E00BFD05E /* questionPromptTableCell.swift */; };
		9C0061C02D28126900BFD05E /* responsePromptTableCell.swift in Sources */ = {isa = PBXBuildFile; fileRef = 9C0061BF2D28126900BFD05E /* responsePromptTableCell.swift */; };
		9C0061C22D2812C800BFD05E /* chatScreenController.swift in Sources */ = {isa = PBXBuildFile; fileRef = 9C0061C12D2812C800BFD05E /* chatScreenController.swift */; };
		9C33D8A32D2675FB00A04BA0 /* AppDelegate.swift in Sources */ = {isa = PBXBuildFile; fileRef = 9C33D8A22D2675FB00A04BA0 /* AppDelegate.swift */; };
		9C33D8A52D2675FB00A04BA0 /* SceneDelegate.swift in Sources */ = {isa = PBXBuildFile; fileRef = 9C33D8A42D2675FB00A04BA0 /* SceneDelegate.swift */; };
		9C33D8A72D2675FB00A04BA0 /* ViewController.swift in Sources */ = {isa = PBXBuildFile; fileRef = 9C33D8A62D2675FB00A04BA0 /* ViewController.swift */; };
		9C33D8AA2D2675FB00A04BA0 /* Main.storyboard in Resources */ = {isa = PBXBuildFile; fileRef = 9C33D8A82D2675FB00A04BA0 /* Main.storyboard */; };
		9C33D8AC2D2675FE00A04BA0 /* Assets.xcassets in Resources */ = {isa = PBXBuildFile; fileRef = 9C33D8AB2D2675FE00A04BA0 /* Assets.xcassets */; };
		9C33D8AF2D2675FE00A04BA0 /* LaunchScreen.storyboard in Resources */ = {isa = PBXBuildFile; fileRef = 9C33D8AD2D2675FE00A04BA0 /* LaunchScreen.storyboard */; };
		9CDF87352D26A7CA0065ED5F /* chatController.swift in Sources */ = {isa = PBXBuildFile; fileRef = 9CDF87342D26A7CA0065ED5F /* chatController.swift */; };
		FB2E3120819BD758BBE9D711 /* Pods_ChatDemo.framework in Frameworks */ = {isa = PBXBuildFile; fileRef = E3C1EBD5DFD5BD074C02E5D9 /* Pods_ChatDemo.framework */; };
/* End PBXBuildFile section */

/* Begin PBXFileReference section */
		4074BE37F25F74D934AB95A0 /* Pods-ChatDemo.release.xcconfig */ = {isa = PBXFileReference; includeInIndex = 1; lastKnownFileType = text.xcconfig; name = "Pods-ChatDemo.release.xcconfig"; path = "Target Support Files/Pods-ChatDemo/Pods-ChatDemo.release.xcconfig"; sourceTree = "<group>"; };
		9C0061BD2D28124E00BFD05E /* questionPromptTableCell.swift */ = {isa = PBXFileReference; lastKnownFileType = sourcecode.swift; path = questionPromptTableCell.swift; sourceTree = "<group>"; };
		9C0061BF2D28126900BFD05E /* responsePromptTableCell.swift */ = {isa = PBXFileReference; lastKnownFileType = sourcecode.swift; path = responsePromptTableCell.swift; sourceTree = "<group>"; };
		9C0061C12D2812C800BFD05E /* chatScreenController.swift */ = {isa = PBXFileReference; lastKnownFileType = sourcecode.swift; path = chatScreenController.swift; sourceTree = "<group>"; };
		9C33D89F2D2675FB00A04BA0 /* ChatDemo.app */ = {isa = PBXFileReference; explicitFileType = wrapper.application; includeInIndex = 0; path = ChatDemo.app; sourceTree = BUILT_PRODUCTS_DIR; };
		9C33D8A22D2675FB00A04BA0 /* AppDelegate.swift */ = {isa = PBXFileReference; lastKnownFileType = sourcecode.swift; path = AppDelegate.swift; sourceTree = "<group>"; };
		9C33D8A42D2675FB00A04BA0 /* SceneDelegate.swift */ = {isa = PBXFileReference; lastKnownFileType = sourcecode.swift; path = SceneDelegate.swift; sourceTree = "<group>"; };
		9C33D8A62D2675FB00A04BA0 /* ViewController.swift */ = {isa = PBXFileReference; lastKnownFileType = sourcecode.swift; path = ViewController.swift; sourceTree = "<group>"; };
		9C33D8A92D2675FB00A04BA0 /* Base */ = {isa = PBXFileReference; lastKnownFileType = file.storyboard; name = Base; path = Base.lproj/Main.storyboard; sourceTree = "<group>"; };
		9C33D8AB2D2675FE00A04BA0 /* Assets.xcassets */ = {isa = PBXFileReference; lastKnownFileType = folder.assetcatalog; path = Assets.xcassets; sourceTree = "<group>"; };
		9C33D8AE2D2675FE00A04BA0 /* Base */ = {isa = PBXFileReference; lastKnownFileType = file.storyboard; name = Base; path = Base.lproj/LaunchScreen.storyboard; sourceTree = "<group>"; };
		9C33D8B02D2675FE00A04BA0 /* Info.plist */ = {isa = PBXFileReference; lastKnownFileType = text.plist.xml; path = Info.plist; sourceTree = "<group>"; };
		9CDF87342D26A7CA0065ED5F /* chatController.swift */ = {isa = PBXFileReference; lastKnownFileType = sourcecode.swift; path = chatController.swift; sourceTree = "<group>"; };
		E3C1EBD5DFD5BD074C02E5D9 /* Pods_ChatDemo.framework */ = {isa = PBXFileReference; explicitFileType = wrapper.framework; includeInIndex = 0; path = Pods_ChatDemo.framework; sourceTree = BUILT_PRODUCTS_DIR; };
		EEB3FA416A6221EB9E12D275 /* Pods-ChatDemo.debug.xcconfig */ = {isa = PBXFileReference; includeInIndex = 1; lastKnownFileType = text.xcconfig; name = "Pods-ChatDemo.debug.xcconfig"; path = "Target Support Files/Pods-ChatDemo/Pods-ChatDemo.debug.xcconfig"; sourceTree = "<group>"; };
/* End PBXFileReference section */

/* Begin PBXFrameworksBuildPhase section */
		9C33D89C2D2675FB00A04BA0 /* Frameworks */ = {
			isa = PBXFrameworksBuildPhase;
			buildActionMask = 2147483647;
			files = (
				FB2E3120819BD758BBE9D711 /* Pods_ChatDemo.framework in Frameworks */,
			);
			runOnlyForDeploymentPostprocessing = 0;
		};
/* End PBXFrameworksBuildPhase section */

/* Begin PBXGroup section */
		5E81779519FCBFF8A97EEF70 /* Pods */ = {
			isa = PBXGroup;
			children = (
				EEB3FA416A6221EB9E12D275 /* Pods-ChatDemo.debug.xcconfig */,
				4074BE37F25F74D934AB95A0 /* Pods-ChatDemo.release.xcconfig */,
			);
			name = Pods;
			path = Pods;
			sourceTree = "<group>";
		};
		9C33D8962D2675FB00A04BA0 = {
			isa = PBXGroup;
			children = (
				9C33D8A12D2675FB00A04BA0 /* ChatDemo */,
				9C33D8A02D2675FB00A04BA0 /* Products */,
				5E81779519FCBFF8A97EEF70 /* Pods */,
				AD658030DCA084D24781ABE6 /* Frameworks */,
			);
			sourceTree = "<group>";
		};
		9C33D8A02D2675FB00A04BA0 /* Products */ = {
			isa = PBXGroup;
			children = (
				9C33D89F2D2675FB00A04BA0 /* ChatDemo.app */,
			);
			name = Products;
			sourceTree = "<group>";
		};
		9C33D8A12D2675FB00A04BA0 /* ChatDemo */ = {
			isa = PBXGroup;
			children = (
				9C33D8A22D2675FB00A04BA0 /* AppDelegate.swift */,
				9C33D8A42D2675FB00A04BA0 /* SceneDelegate.swift */,
				9C33D8A62D2675FB00A04BA0 /* ViewController.swift */,
				9C33D8A82D2675FB00A04BA0 /* Main.storyboard */,
				9C33D8AB2D2675FE00A04BA0 /* Assets.xcassets */,
				9C33D8AD2D2675FE00A04BA0 /* LaunchScreen.storyboard */,
				9C33D8B02D2675FE00A04BA0 /* Info.plist */,
				9CDF87342D26A7CA0065ED5F /* chatController.swift */,
				9C0061BD2D28124E00BFD05E /* questionPromptTableCell.swift */,
				9C0061BF2D28126900BFD05E /* responsePromptTableCell.swift */,
				9C0061C12D2812C800BFD05E /* chatScreenController.swift */,
			);
			path = ChatDemo;
			sourceTree = "<group>";
		};
		AD658030DCA084D24781ABE6 /* Frameworks */ = {
			isa = PBXGroup;
			children = (
				E3C1EBD5DFD5BD074C02E5D9 /* Pods_ChatDemo.framework */,
			);
			name = Frameworks;
			sourceTree = "<group>";
		};
/* End PBXGroup section */

/* Begin PBXNativeTarget section */
		9C33D89E2D2675FB00A04BA0 /* ChatDemo */ = {
			isa = PBXNativeTarget;
			buildConfigurationList = 9C33D8B32D2675FE00A04BA0 /* Build configuration list for PBXNativeTarget "ChatDemo" */;
			buildPhases = (
				FCAA28D6433D88547124933D /* [CP] Check Pods Manifest.lock */,
				9C33D89B2D2675FB00A04BA0 /* Sources */,
				9C33D89C2D2675FB00A04BA0 /* Frameworks */,
				9C33D89D2D2675FB00A04BA0 /* Resources */,
			);
			buildRules = (
			);
			dependencies = (
			);
			name = ChatDemo;
			productName = ChatDemo;
			productReference = 9C33D89F2D2675FB00A04BA0 /* ChatDemo.app */;
			productType = "com.apple.product-type.application";
		};
/* End PBXNativeTarget section */

/* Begin PBXProject section */
		9C33D8972D2675FB00A04BA0 /* Project object */ = {
			isa = PBXProject;
			attributes = {
				BuildIndependentTargetsInParallel = 1;
				LastSwiftUpdateCheck = 1420;
				LastUpgradeCheck = 1420;
				TargetAttributes = {
					9C33D89E2D2675FB00A04BA0 = {
						CreatedOnToolsVersion = 14.2;
					};
				};
			};
			buildConfigurationList = 9C33D89A2D2675FB00A04BA0 /* Build configuration list for PBXProject "ChatDemo" */;
			compatibilityVersion = "Xcode 14.0";
			developmentRegion = en;
			hasScannedForEncodings = 0;
			knownRegions = (
				en,
				Base,
			);
			mainGroup = 9C33D8962D2675FB00A04BA0;
			productRefGroup = 9C33D8A02D2675FB00A04BA0 /* Products */;
			projectDirPath = "";
			projectRoot = "";
			targets = (
				9C33D89E2D2675FB00A04BA0 /* ChatDemo */,
			);
		};
/* End PBXProject section */

/* Begin PBXResourcesBuildPhase section */
		9C33D89D2D2675FB00A04BA0 /* Resources */ = {
			isa = PBXResourcesBuildPhase;
			buildActionMask = 2147483647;
			files = (
				9C33D8AF2D2675FE00A04BA0 /* LaunchScreen.storyboard in Resources */,
				9C33D8AC2D2675FE00A04BA0 /* Assets.xcassets in Resources */,
				9C33D8AA2D2675FB00A04BA0 /* Main.storyboard in Resources */,
			);
			runOnlyForDeploymentPostprocessing = 0;
		};
/* End PBXResourcesBuildPhase section */

/* Begin PBXShellScriptBuildPhase section */
		FCAA28D6433D88547124933D /* [CP] Check Pods Manifest.lock */ = {
			isa = PBXShellScriptBuildPhase;
			buildActionMask = 2147483647;
			files = (
			);
			inputFileListPaths = (
			);
			inputPaths = (
				"${PODS_PODFILE_DIR_PATH}/Podfile.lock",
				"${PODS_ROOT}/Manifest.lock",
			);
			name = "[CP] Check Pods Manifest.lock";
			outputFileListPaths = (
			);
			outputPaths = (
				"$(DERIVED_FILE_DIR)/Pods-ChatDemo-checkManifestLockResult.txt",
			);
			runOnlyForDeploymentPostprocessing = 0;
			shellPath = /bin/sh;
			shellScript = "diff \"${PODS_PODFILE_DIR_PATH}/Podfile.lock\" \"${PODS_ROOT}/Manifest.lock\" > /dev/null\nif [ $? != 0 ] ; then\n    # print error to STDERR\n    echo \"error: The sandbox is not in sync with the Podfile.lock. Run 'pod install' or update your CocoaPods installation.\" >&2\n    exit 1\nfi\n# This output is used by Xcode 'outputs' to avoid re-running this script phase.\necho \"SUCCESS\" > \"${SCRIPT_OUTPUT_FILE_0}\"\n";
			showEnvVarsInLog = 0;
		};
/* End PBXShellScriptBuildPhase section */

/* Begin PBXSourcesBuildPhase section */
		9C33D89B2D2675FB00A04BA0 /* Sources */ = {
			isa = PBXSourcesBuildPhase;
			buildActionMask = 2147483647;
			files = (
				9C0061BE2D28124E00BFD05E /* questionPromptTableCell.swift in Sources */,
				9C0061C02D28126900BFD05E /* responsePromptTableCell.swift in Sources */,
				9C0061C22D2812C800BFD05E /* chatScreenController.swift in Sources */,
				9C33D8A72D2675FB00A04BA0 /* ViewController.swift in Sources */,
				9C33D8A32D2675FB00A04BA0 /* AppDelegate.swift in Sources */,
				9C33D8A52D2675FB00A04BA0 /* SceneDelegate.swift in Sources */,
				9CDF87352D26A7CA0065ED5F /* chatController.swift in Sources */,
			);
			runOnlyForDeploymentPostprocessing = 0;
		};
/* End PBXSourcesBuildPhase section */

/* Begin PBXVariantGroup section */
		9C33D8A82D2675FB00A04BA0 /* Main.storyboard */ = {
			isa = PBXVariantGroup;
			children = (
				9C33D8A92D2675FB00A04BA0 /* Base */,
			);
			name = Main.storyboard;
			sourceTree = "<group>";
		};
		9C33D8AD2D2675FE00A04BA0 /* LaunchScreen.storyboard */ = {
			isa = PBXVariantGroup;
			children = (
				9C33D8AE2D2675FE00A04BA0 /* Base */,
			);
			name = LaunchScreen.storyboard;
			sourceTree = "<group>";
		};
/* End PBXVariantGroup section */

/* Begin XCBuildConfiguration section */
		9C33D8B12D2675FE00A04BA0 /* Debug */ = {
			isa = XCBuildConfiguration;
			buildSettings = {
				ALWAYS_SEARCH_USER_PATHS = NO;
				CLANG_ANALYZER_NONNULL = YES;
				CLANG_ANALYZER_NUMBER_OBJECT_CONVERSION = YES_AGGRESSIVE;
				CLANG_CXX_LANGUAGE_STANDARD = "gnu++20";
				CLANG_ENABLE_MODULES = YES;
				CLANG_ENABLE_OBJC_ARC = YES;
				CLANG_ENABLE_OBJC_WEAK = YES;
				CLANG_WARN_BLOCK_CAPTURE_AUTORELEASING = YES;
				CLANG_WARN_BOOL_CONVERSION = YES;
				CLANG_WARN_COMMA = YES;
				CLANG_WARN_CONSTANT_CONVERSION = YES;
				CLANG_WARN_DEPRECATED_OBJC_IMPLEMENTATIONS = YES;
				CLANG_WARN_DIRECT_OBJC_ISA_USAGE = YES_ERROR;
				CLANG_WARN_DOCUMENTATION_COMMENTS = YES;
				CLANG_WARN_EMPTY_BODY = YES;
				CLANG_WARN_ENUM_CONVERSION = YES;
				CLANG_WARN_INFINITE_RECURSION = YES;
				CLANG_WARN_INT_CONVERSION = YES;
				CLANG_WARN_NON_LITERAL_NULL_CONVERSION = YES;
				CLANG_WARN_OBJC_IMPLICIT_RETAIN_SELF = YES;
				CLANG_WARN_OBJC_LITERAL_CONVERSION = YES;
				CLANG_WARN_OBJC_ROOT_CLASS = YES_ERROR;
				CLANG_WARN_QUOTED_INCLUDE_IN_FRAMEWORK_HEADER = YES;
				CLANG_WARN_RANGE_LOOP_ANALYSIS = YES;
				CLANG_WARN_STRICT_PROTOTYPES = YES;
				CLANG_WARN_SUSPICIOUS_MOVE = YES;
				CLANG_WARN_UNGUARDED_AVAILABILITY = YES_AGGRESSIVE;
				CLANG_WARN_UNREACHABLE_CODE = YES;
				CLANG_WARN__DUPLICATE_METHOD_MATCH = YES;
				COPY_PHASE_STRIP = NO;
				DEBUG_INFORMATION_FORMAT = dwarf;
				ENABLE_STRICT_OBJC_MSGSEND = YES;
				ENABLE_TESTABILITY = YES;
				GCC_C_LANGUAGE_STANDARD = gnu11;
				GCC_DYNAMIC_NO_PIC = NO;
				GCC_NO_COMMON_BLOCKS = YES;
				GCC_OPTIMIZATION_LEVEL = 0;
				GCC_PREPROCESSOR_DEFINITIONS = (
					"DEBUG=1",
					"$(inherited)",
				);
				GCC_WARN_64_TO_32_BIT_CONVERSION = YES;
				GCC_WARN_ABOUT_RETURN_TYPE = YES_ERROR;
				GCC_WARN_UNDECLARED_SELECTOR = YES;
				GCC_WARN_UNINITIALIZED_AUTOS = YES_AGGRESSIVE;
				GCC_WARN_UNUSED_FUNCTION = YES;
				GCC_WARN_UNUSED_VARIABLE = YES;
				IPHONEOS_DEPLOYMENT_TARGET = 16.0;
				MTL_ENABLE_DEBUG_INFO = INCLUDE_SOURCE;
				MTL_FAST_MATH = YES;
				ONLY_ACTIVE_ARCH = YES;
				SDKROOT = iphoneos;
				SWIFT_ACTIVE_COMPILATION_CONDITIONS = DEBUG;
				SWIFT_OPTIMIZATION_LEVEL = "-Onone";
			};
			name = Debug;
		};
		9C33D8B22D2675FE00A04BA0 /* Release */ = {
			isa = XCBuildConfiguration;
			buildSettings = {
				ALWAYS_SEARCH_USER_PATHS = NO;
				CLANG_ANALYZER_NONNULL = YES;
				CLANG_ANALYZER_NUMBER_OBJECT_CONVERSION = YES_AGGRESSIVE;
				CLANG_CXX_LANGUAGE_STANDARD = "gnu++20";
				CLANG_ENABLE_MODULES = YES;
				CLANG_ENABLE_OBJC_ARC = YES;
				CLANG_ENABLE_OBJC_WEAK = YES;
				CLANG_WARN_BLOCK_CAPTURE_AUTORELEASING = YES;
				CLANG_WARN_BOOL_CONVERSION = YES;
				CLANG_WARN_COMMA = YES;
				CLANG_WARN_CONSTANT_CONVERSION = YES;
				CLANG_WARN_DEPRECATED_OBJC_IMPLEMENTATIONS = YES;
				CLANG_WARN_DIRECT_OBJC_ISA_USAGE = YES_ERROR;
				CLANG_WARN_DOCUMENTATION_COMMENTS = YES;
				CLANG_WARN_EMPTY_BODY = YES;
				CLANG_WARN_ENUM_CONVERSION = YES;
				CLANG_WARN_INFINITE_RECURSION = YES;
				CLANG_WARN_INT_CONVERSION = YES;
				CLANG_WARN_NON_LITERAL_NULL_CONVERSION = YES;
				CLANG_WARN_OBJC_IMPLICIT_RETAIN_SELF = YES;
				CLANG_WARN_OBJC_LITERAL_CONVERSION = YES;
				CLANG_WARN_OBJC_ROOT_CLASS = YES_ERROR;
				CLANG_WARN_QUOTED_INCLUDE_IN_FRAMEWORK_HEADER = YES;
				CLANG_WARN_RANGE_LOOP_ANALYSIS = YES;
				CLANG_WARN_STRICT_PROTOTYPES = YES;
				CLANG_WARN_SUSPICIOUS_MOVE = YES;
				CLANG_WARN_UNGUARDED_AVAILABILITY = YES_AGGRESSIVE;
				CLANG_WARN_UNREACHABLE_CODE = YES;
				CLANG_WARN__DUPLICATE_METHOD_MATCH = YES;
				COPY_PHASE_STRIP = NO;
				DEBUG_INFORMATION_FORMAT = "dwarf-with-dsym";
				ENABLE_NS_ASSERTIONS = NO;
				ENABLE_STRICT_OBJC_MSGSEND = YES;
				GCC_C_LANGUAGE_STANDARD = gnu11;
				GCC_NO_COMMON_BLOCKS = YES;
				GCC_WARN_64_TO_32_BIT_CONVERSION = YES;
				GCC_WARN_ABOUT_RETURN_TYPE = YES_ERROR;
				GCC_WARN_UNDECLARED_SELECTOR = YES;
				GCC_WARN_UNINITIALIZED_AUTOS = YES_AGGRESSIVE;
				GCC_WARN_UNUSED_FUNCTION = YES;
				GCC_WARN_UNUSED_VARIABLE = YES;
				IPHONEOS_DEPLOYMENT_TARGET = 16.0;
				MTL_ENABLE_DEBUG_INFO = NO;
				MTL_FAST_MATH = YES;
				SDKROOT = iphoneos;
				SWIFT_COMPILATION_MODE = wholemodule;
				SWIFT_OPTIMIZATION_LEVEL = "-O";
				VALIDATE_PRODUCT = YES;
			};
			name = Release;
		};
		9C33D8B42D2675FE00A04BA0 /* Debug */ = {
			isa = XCBuildConfiguration;
			baseConfigurationReference = EEB3FA416A6221EB9E12D275 /* Pods-ChatDemo.debug.xcconfig */;
			buildSettings = {
				ASSETCATALOG_COMPILER_APPICON_NAME = AppIcon;
				ASSETCATALOG_COMPILER_GLOBAL_ACCENT_COLOR_NAME = AccentColor;
				CODE_SIGN_STYLE = Automatic;
				CURRENT_PROJECT_VERSION = 1;
				DEVELOPMENT_TEAM = 2N9W6PEQF7;
				GENERATE_INFOPLIST_FILE = YES;
				INFOPLIST_FILE = ChatDemo/Info.plist;
				INFOPLIST_KEY_UIApplicationSupportsIndirectInputEvents = YES;
				INFOPLIST_KEY_UILaunchStoryboardName = LaunchScreen;
				INFOPLIST_KEY_UIMainStoryboardFile = Main;
				INFOPLIST_KEY_UISupportedInterfaceOrientations_iPad = "UIInterfaceOrientationPortrait UIInterfaceOrientationPortraitUpsideDown UIInterfaceOrientationLandscapeLeft UIInterfaceOrientationLandscapeRight";
				INFOPLIST_KEY_UISupportedInterfaceOrientations_iPhone = "UIInterfaceOrientationPortrait UIInterfaceOrientationLandscapeLeft UIInterfaceOrientationLandscapeRight";
				IPHONEOS_DEPLOYMENT_TARGET = 16.0;
				LD_RUNPATH_SEARCH_PATHS = (
					"$(inherited)",
					"@executable_path/Frameworks",
				);
				MARKETING_VERSION = 1.0;
				PRODUCT_BUNDLE_IDENTIFIER = com.posedetection.app.ChatDemo;
				PRODUCT_NAME = "$(TARGET_NAME)";
				SWIFT_EMIT_LOC_STRINGS = YES;
				SWIFT_VERSION = 5.0;
				TARGETED_DEVICE_FAMILY = "1,2";
			};
			name = Debug;
		};
		9C33D8B52D2675FE00A04BA0 /* Release */ = {
			isa = XCBuildConfiguration;
			baseConfigurationReference = 4074BE37F25F74D934AB95A0 /* Pods-ChatDemo.release.xcconfig */;
			buildSettings = {
				ASSETCATALOG_COMPILER_APPICON_NAME = AppIcon;
				ASSETCATALOG_COMPILER_GLOBAL_ACCENT_COLOR_NAME = AccentColor;
				CODE_SIGN_STYLE = Automatic;
				CURRENT_PROJECT_VERSION = 1;
				DEVELOPMENT_TEAM = 2N9W6PEQF7;
				GENERATE_INFOPLIST_FILE = YES;
				INFOPLIST_FILE = ChatDemo/Info.plist;
				INFOPLIST_KEY_UIApplicationSupportsIndirectInputEvents = YES;
				INFOPLIST_KEY_UILaunchStoryboardName = LaunchScreen;
				INFOPLIST_KEY_UIMainStoryboardFile = Main;
				INFOPLIST_KEY_UISupportedInterfaceOrientations_iPad = "UIInterfaceOrientationPortrait UIInterfaceOrientationPortraitUpsideDown UIInterfaceOrientationLandscapeLeft UIInterfaceOrientationLandscapeRight";
				INFOPLIST_KEY_UISupportedInterfaceOrientations_iPhone = "UIInterfaceOrientationPortrait UIInterfaceOrientationLandscapeLeft UIInterfaceOrientationLandscapeRight";
				IPHONEOS_DEPLOYMENT_TARGET = 16.0;
				LD_RUNPATH_SEARCH_PATHS = (
					"$(inherited)",
					"@executable_path/Frameworks",
				);
				MARKETING_VERSION = 1.0;
				PRODUCT_BUNDLE_IDENTIFIER = com.posedetection.app.ChatDemo;
				PRODUCT_NAME = "$(TARGET_NAME)";
				SWIFT_EMIT_LOC_STRINGS = YES;
				SWIFT_VERSION = 5.0;
				TARGETED_DEVICE_FAMILY = "1,2";
			};
			name = Release;
		};
/* End XCBuildConfiguration section */

/* Begin XCConfigurationList section */
		9C33D89A2D2675FB00A04BA0 /* Build configuration list for PBXProject "ChatDemo" */ = {
			isa = XCConfigurationList;
			buildConfigurations = (
				9C33D8B12D2675FE00A04BA0 /* Debug */,
				9C33D8B22D2675FE00A04BA0 /* Release */,
			);
			defaultConfigurationIsVisible = 0;
			defaultConfigurationName = Release;
		};
		9C33D8B32D2675FE00A04BA0 /* Build configuration list for PBXNativeTarget "ChatDemo" */ = {
			isa = XCConfigurationList;
			buildConfigurations = (
				9C33D8B42D2675FE00A04BA0 /* Debug */,
				9C33D8B52D2675FE00A04BA0 /* Release */,
			);
			defaultConfigurationIsVisible = 0;
			defaultConfigurationName = Release;
		};
/* End XCConfigurationList section */
	};
	rootObject = 9C33D8972D2675FB00A04BA0 /* Project object */;
}
